
Microsoft Visual Studio Solution File, Format Version 12.00
# Visual Studio Version 16
VisualStudioVersion = 16.0.31911.196
MinimumVisualStudioVersion = 10.0.40219.1
Project("{FAE04EC0-301F-11D3-BF4B-00C04F79EFBC}") = "UsReg", "UsReg\UsReg.csproj", "{68884ADB-9FF6-4B8C-823D-15FD52B7479E}"
EndProject
Global
	GlobalSection(SolutionConfigurationPlatforms) = preSolution
		Debug|Any CPU = Debug|Any CPU
		Release|Any CPU = Release|Any CPU
	EndGlobalSection
	GlobalSection(ProjectConfigurationPlatforms) = postSolution
		{68884ADB-9FF6-4B8C-823D-15FD52B7479E}.Debug|Any CPU.ActiveCfg = Debug|Any CPU
		{68884ADB-9FF6-4B8C-823D-15FD52B7479E}.Debug|Any CPU.Build.0 = Debug|Any CPU
		{68884ADB-9FF6-4B8C-823D-15FD52B7479E}.Release|Any CPU.ActiveCfg = Release|Any CPU
		{68884ADB-9FF6-4B8C-823D-15FD52B7479E}.Release|Any CPU.Build.0 = Release|Any CPU
	EndGlobalSection
	GlobalSection(SolutionProperties) = preSolution
		HideSolutionNode = FALSE
	EndGlobalSection
	GlobalSection(ExtensibilityGlobals) = postSolution
		SolutionGuid = {24475F6D-D5E2-4A92-9DAB-BB3A2F4F48D3}
	EndGlobalSection
EndGlobal
